
Microsoft Visual Studio Solution File, Format Version 12.00
# Visual Studio Version 16
VisualStudioVersion = 16.0.29609.76
MinimumVisualStudioVersion = 10.0.40219.1
Project("{159641D6-6404-4A2A-AE62-294DE0FE8301}") = "Ventas1", "Ventas\Ventas1.dtproj", "{7347CFE4-26E9-447E-A600-8E953588CFA3}"
EndProject
Global
	GlobalSection(SolutionConfigurationPlatforms) = preSolution
		Development|Default = Development|Default
	EndGlobalSection
	GlobalSection(ProjectConfigurationPlatforms) = postSolution
		{7347CFE4-26E9-447E-A600-8E953588CFA3}.Development|Default.ActiveCfg = Development
		{7347CFE4-26E9-447E-A600-8E953588CFA3}.Development|Default.Build.0 = Development
	EndGlobalSection
	GlobalSection(SolutionProperties) = preSolution
		HideSolutionNode = FALSE
	EndGlobalSection
	GlobalSection(ExtensibilityGlobals) = postSolution
		SolutionGuid = {8F7CADDB-809F-4697-B09A-D7568262FB31}
	EndGlobalSection
EndGlobal
